
Microsoft Visual Studio Solution File, Format Version 12.00
# Visual Studio 15
VisualStudioVersion = 15.0.28307.1062
MinimumVisualStudioVersion = 10.0.40219.1
Project("{8BC9CEB8-8B4A-11D0-8D11-00A0C91BC942}") = "Demo_polymorphism", "Demo_polymorphism\Demo_polymorphism.vcxproj", "{86FC0716-6BA7-471F-8224-C612B49FC3B7}"
EndProject
Project("{8BC9CEB8-8B4A-11D0-8D11-00A0C91BC942}") = "Dahinh_1", "Dahinh_1\Dahinh_1.vcxproj", "{E7D1920D-A652-493C-B91F-E61732AE97E2}"
EndProject
Project("{8BC9CEB8-8B4A-11D0-8D11-00A0C91BC942}") = "NVCT", "NVCT_polymorphism\NVCT_polymorphism.vcxproj", "{3845D40A-4756-4CD0-96FA-21481EF3399A}"
EndProject
Project("{8BC9CEB8-8B4A-11D0-8D11-00A0C91BC942}") = "OOP.nhommau", "OOP.nhommau\OOP.nhommau.vcxproj", "{58679E3E-EEE8-48A6-A823-DBC1CBC8A12A}"
EndProject
Project("{8BC9CEB8-8B4A-11D0-8D11-00A0C91BC942}") = "NVCT_polymorphismv3", "NVCTY_polymorphim_v3\NVCT_polyv3.vcxproj", "{4E0A28E5-9E1D-405B-81CE-DFCBB7510B9A}"
EndProject
Project("{8BC9CEB8-8B4A-11D0-8D11-00A0C91BC942}") = "Diem", "Diem\Diem.vcxproj", "{4094623D-5A4C-4F9E-AB04-92628DBD4BA6}"
EndProject
Project("{8BC9CEB8-8B4A-11D0-8D11-00A0C91BC942}") = "matrix", "matrix\matrix.vcxproj", "{3BC7651B-5E0C-440E-A7C1-C7C35DBB1EF1}"
EndProject
Project("{8BC9CEB8-8B4A-11D0-8D11-00A0C91BC942}") = "NVCT_polymorphimv2", "NVCTY_polymorphim_v2\NVCTY_polymorphimv2.vcxproj", "{C76DE9D7-66F4-476F-A196-E5DF3E2D12A3}"
EndProject
Project("{8BC9CEB8-8B4A-11D0-8D11-00A0C91BC942}") = "phanso", "phanso\phanso.vcxproj", "{161DECFE-E889-4E84-8056-16B971522458}"
EndProject
Project("{8BC9CEB8-8B4A-11D0-8D11-00A0C91BC942}") = "string", "string_pratic\oop.practice.vcxproj", "{E538FCE5-10BD-4D74-8557-75BE81CB6667}"
EndProject
Project("{8BC9CEB8-8B4A-11D0-8D11-00A0C91BC942}") = "student", "student\student.vcxproj", "{AF53F28D-2CD8-4D18-B119-9D75D3AD9769}"
EndProject
Global
	GlobalSection(SolutionConfigurationPlatforms) = preSolution
		Debug|x64 = Debug|x64
		Debug|x86 = Debug|x86
		Release|x64 = Release|x64
		Release|x86 = Release|x86
	EndGlobalSection
	GlobalSection(ProjectConfigurationPlatforms) = postSolution
		{86FC0716-6BA7-471F-8224-C612B49FC3B7}.Debug|x64.ActiveCfg = Debug|x64
		{86FC0716-6BA7-471F-8224-C612B49FC3B7}.Debug|x64.Build.0 = Debug|x64
		{86FC0716-6BA7-471F-8224-C612B49FC3B7}.Debug|x86.ActiveCfg = Debug|Win32
		{86FC0716-6BA7-471F-8224-C612B49FC3B7}.Debug|x86.Build.0 = Debug|Win32
		{86FC0716-6BA7-471F-8224-C612B49FC3B7}.Release|x64.ActiveCfg = Release|x64
		{86FC0716-6BA7-471F-8224-C612B49FC3B7}.Release|x64.Build.0 = Release|x64
		{86FC0716-6BA7-471F-8224-C612B49FC3B7}.Release|x86.ActiveCfg = Release|Win32
		{86FC0716-6BA7-471F-8224-C612B49FC3B7}.Release|x86.Build.0 = Release|Win32
		{E7D1920D-A652-493C-B91F-E61732AE97E2}.Debug|x64.ActiveCfg = Debug|x64
		{E7D1920D-A652-493C-B91F-E61732AE97E2}.Debug|x64.Build.0 = Debug|x64
		{E7D1920D-A652-493C-B91F-E61732AE97E2}.Debug|x86.ActiveCfg = Debug|Win32
		{E7D1920D-A652-493C-B91F-E61732AE97E2}.Debug|x86.Build.0 = Debug|Win32
		{E7D1920D-A652-493C-B91F-E61732AE97E2}.Release|x64.ActiveCfg = Release|x64
		{E7D1920D-A652-493C-B91F-E61732AE97E2}.Release|x64.Build.0 = Release|x64
		{E7D1920D-A652-493C-B91F-E61732AE97E2}.Release|x86.ActiveCfg = Release|Win32
		{E7D1920D-A652-493C-B91F-E61732AE97E2}.Release|x86.Build.0 = Release|Win32
		{3845D40A-4756-4CD0-96FA-21481EF3399A}.Debug|x64.ActiveCfg = Debug|x64
		{3845D40A-4756-4CD0-96FA-21481EF3399A}.Debug|x64.Build.0 = Debug|x64
		{3845D40A-4756-4CD0-96FA-21481EF3399A}.Debug|x86.ActiveCfg = Debug|Win32
		{3845D40A-4756-4CD0-96FA-21481EF3399A}.Debug|x86.Build.0 = Debug|Win32
		{3845D40A-4756-4CD0-96FA-21481EF3399A}.Release|x64.ActiveCfg = Release|x64
		{3845D40A-4756-4CD0-96FA-21481EF3399A}.Release|x64.Build.0 = Release|x64
		{3845D40A-4756-4CD0-96FA-21481EF3399A}.Release|x86.ActiveCfg = Release|Win32
		{3845D40A-4756-4CD0-96FA-21481EF3399A}.Release|x86.Build.0 = Release|Win32
		{58679E3E-EEE8-48A6-A823-DBC1CBC8A12A}.Debug|x64.ActiveCfg = Debug|x64
		{58679E3E-EEE8-48A6-A823-DBC1CBC8A12A}.Debug|x64.Build.0 = Debug|x64
		{58679E3E-EEE8-48A6-A823-DBC1CBC8A12A}.Debug|x86.ActiveCfg = Debug|Win32
		{58679E3E-EEE8-48A6-A823-DBC1CBC8A12A}.Debug|x86.Build.0 = Debug|Win32
		{58679E3E-EEE8-48A6-A823-DBC1CBC8A12A}.Release|x64.ActiveCfg = Release|x64
		{58679E3E-EEE8-48A6-A823-DBC1CBC8A12A}.Release|x64.Build.0 = Release|x64
		{58679E3E-EEE8-48A6-A823-DBC1CBC8A12A}.Release|x86.ActiveCfg = Release|Win32
		{58679E3E-EEE8-48A6-A823-DBC1CBC8A12A}.Release|x86.Build.0 = Release|Win32
		{4E0A28E5-9E1D-405B-81CE-DFCBB7510B9A}.Debug|x64.ActiveCfg = Debug|x64
		{4E0A28E5-9E1D-405B-81CE-DFCBB7510B9A}.Debug|x64.Build.0 = Debug|x64
		{4E0A28E5-9E1D-405B-81CE-DFCBB7510B9A}.Debug|x86.ActiveCfg = Debug|Win32
		{4E0A28E5-9E1D-405B-81CE-DFCBB7510B9A}.Debug|x86.Build.0 = Debug|Win32
		{4E0A28E5-9E1D-405B-81CE-DFCBB7510B9A}.Release|x64.ActiveCfg = Release|x64
		{4E0A28E5-9E1D-405B-81CE-DFCBB7510B9A}.Release|x64.Build.0 = Release|x64
		{4E0A28E5-9E1D-405B-81CE-DFCBB7510B9A}.Release|x86.ActiveCfg = Release|Win32
		{4E0A28E5-9E1D-405B-81CE-DFCBB7510B9A}.Release|x86.Build.0 = Release|Win32
		{4094623D-5A4C-4F9E-AB04-92628DBD4BA6}.Debug|x64.ActiveCfg = Debug|x64
		{4094623D-5A4C-4F9E-AB04-92628DBD4BA6}.Debug|x64.Build.0 = Debug|x64
		{4094623D-5A4C-4F9E-AB04-92628DBD4BA6}.Debug|x86.ActiveCfg = Debug|Win32
		{4094623D-5A4C-4F9E-AB04-92628DBD4BA6}.Debug|x86.Build.0 = Debug|Win32
		{4094623D-5A4C-4F9E-AB04-92628DBD4BA6}.Release|x64.ActiveCfg = Release|x64
		{4094623D-5A4C-4F9E-AB04-92628DBD4BA6}.Release|x64.Build.0 = Release|x64
		{4094623D-5A4C-4F9E-AB04-92628DBD4BA6}.Release|x86.ActiveCfg = Release|Win32
		{4094623D-5A4C-4F9E-AB04-92628DBD4BA6}.Release|x86.Build.0 = Release|Win32
		{3BC7651B-5E0C-440E-A7C1-C7C35DBB1EF1}.Debug|x64.ActiveCfg = Debug|x64
		{3BC7651B-5E0C-440E-A7C1-C7C35DBB1EF1}.Debug|x64.Build.0 = Debug|x64
		{3BC7651B-5E0C-440E-A7C1-C7C35DBB1EF1}.Debug|x86.ActiveCfg = Debug|Win32
		{3BC7651B-5E0C-440E-A7C1-C7C35DBB1EF1}.Debug|x86.Build.0 = Debug|Win32
		{3BC7651B-5E0C-440E-A7C1-C7C35DBB1EF1}.Release|x64.ActiveCfg = Release|x64
		{3BC7651B-5E0C-440E-A7C1-C7C35DBB1EF1}.Release|x64.Build.0 = Release|x64
		{3BC7651B-5E0C-440E-A7C1-C7C35DBB1EF1}.Release|x86.ActiveCfg = Release|Win32
		{3BC7651B-5E0C-440E-A7C1-C7C35DBB1EF1}.Release|x86.Build.0 = Release|Win32
		{C76DE9D7-66F4-476F-A196-E5DF3E2D12A3}.Debug|x64.ActiveCfg = Debug|x64
		{C76DE9D7-66F4-476F-A196-E5DF3E2D12A3}.Debug|x64.Build.0 = Debug|x64
		{C76DE9D7-66F4-476F-A196-E5DF3E2D12A3}.Debug|x86.ActiveCfg = Debug|Win32
		{C76DE9D7-66F4-476F-A196-E5DF3E2D12A3}.Debug|x86.Build.0 = Debug|Win32
		{C76DE9D7-66F4-476F-A196-E5DF3E2D12A3}.Release|x64.ActiveCfg = Release|x64
		{C76DE9D7-66F4-476F-A196-E5DF3E2D12A3}.Release|x64.Build.0 = Release|x64
		{C76DE9D7-66F4-476F-A196-E5DF3E2D12A3}.Release|x86.ActiveCfg = Release|Win32
		{C76DE9D7-66F4-476F-A196-E5DF3E2D12A3}.Release|x86.Build.0 = Release|Win32
		{161DECFE-E889-4E84-8056-16B971522458}.Debug|x64.ActiveCfg = Debug|x64
		{161DECFE-E889-4E84-8056-16B971522458}.Debug|x64.Build.0 = Debug|x64
		{161DECFE-E889-4E84-8056-16B971522458}.Debug|x86.ActiveCfg = Debug|Win32
		{161DECFE-E889-4E84-8056-16B971522458}.Debug|x86.Build.0 = Debug|Win32
		{161DECFE-E889-4E84-8056-16B971522458}.Release|x64.ActiveCfg = Release|x64
		{161DECFE-E889-4E84-8056-16B971522458}.Release|x64.Build.0 = Release|x64
		{161DECFE-E889-4E84-8056-16B971522458}.Release|x86.ActiveCfg = Release|Win32
		{161DECFE-E889-4E84-8056-16B971522458}.Release|x86.Build.0 = Release|Win32
		{E538FCE5-10BD-4D74-8557-75BE81CB6667}.Debug|x64.ActiveCfg = Debug|x64
		{E538FCE5-10BD-4D74-8557-75BE81CB6667}.Debug|x64.Build.0 = Debug|x64
		{E538FCE5-10BD-4D74-8557-75BE81CB6667}.Debug|x86.ActiveCfg = Debug|Win32
		{E538FCE5-10BD-4D74-8557-75BE81CB6667}.Debug|x86.Build.0 = Debug|Win32
		{E538FCE5-10BD-4D74-8557-75BE81CB6667}.Release|x64.ActiveCfg = Release|x64
		{E538FCE5-10BD-4D74-8557-75BE81CB6667}.Release|x64.Build.0 = Release|x64
		{E538FCE5-10BD-4D74-8557-75BE81CB6667}.Release|x86.ActiveCfg = Release|Win32
		{E538FCE5-10BD-4D74-8557-75BE81CB6667}.Release|x86.Build.0 = Release|Win32
		{AF53F28D-2CD8-4D18-B119-9D75D3AD9769}.Debug|x64.ActiveCfg = Debug|x64
		{AF53F28D-2CD8-4D18-B119-9D75D3AD9769}.Debug|x64.Build.0 = Debug|x64
		{AF53F28D-2CD8-4D18-B119-9D75D3AD9769}.Debug|x86.ActiveCfg = Debug|Win32
		{AF53F28D-2CD8-4D18-B119-9D75D3AD9769}.Debug|x86.Build.0 = Debug|Win32
		{AF53F28D-2CD8-4D18-B119-9D75D3AD9769}.Release|x64.ActiveCfg = Release|x64
		{AF53F28D-2CD8-4D18-B119-9D75D3AD9769}.Release|x64.Build.0 = Release|x64
		{AF53F28D-2CD8-4D18-B119-9D75D3AD9769}.Release|x86.ActiveCfg = Release|Win32
		{AF53F28D-2CD8-4D18-B119-9D75D3AD9769}.Release|x86.Build.0 = Release|Win32
	EndGlobalSection
	GlobalSection(SolutionProperties) = preSolution
		HideSolutionNode = FALSE
	EndGlobalSection
	GlobalSection(ExtensibilityGlobals) = postSolution
		SolutionGuid = {F2BEEA54-26DD-43D5-BBDB-7D9DAA447AD4}
	EndGlobalSection
EndGlobal
